
Microsoft Visual Studio Solution File, Format Version 12.00
# Visual Studio Version 16
VisualStudioVersion = 16.0.29728.190
MinimumVisualStudioVersion = 10.0.40219.1
Project("{9A19103F-16F7-4668-BE54-9A1E7A4F7556}") = "XmlToExpandoObjectConverter", "XmlToExpandoObjectConverter\XmlToExpandoObjectConverter.csproj", "{36D7D529-3022-4BEC-8CB4-AC8A2D3E51AD}"
EndProject
Project("{FAE04EC0-301F-11D3-BF4B-00C04F79EFBC}") = "XmlToExpandoObjectConverter.Tests", "XmlToExpandoObjectConverter.Tests\XmlToExpandoObjectConverter.Tests.csproj", "{09A2C6B3-37C0-4DA3-A5DA-C6A0B188B5F1}"
EndProject
Global
	GlobalSection(SolutionConfigurationPlatforms) = preSolution
		Debug|Any CPU = Debug|Any CPU
		Release|Any CPU = Release|Any CPU
	EndGlobalSection
	GlobalSection(ProjectConfigurationPlatforms) = postSolution
		{36D7D529-3022-4BEC-8CB4-AC8A2D3E51AD}.Debug|Any CPU.ActiveCfg = Debug|Any CPU
		{36D7D529-3022-4BEC-8CB4-AC8A2D3E51AD}.Debug|Any CPU.Build.0 = Debug|Any CPU
		{36D7D529-3022-4BEC-8CB4-AC8A2D3E51AD}.Release|Any CPU.ActiveCfg = Release|Any CPU
		{36D7D529-3022-4BEC-8CB4-AC8A2D3E51AD}.Release|Any CPU.Build.0 = Release|Any CPU
		{09A2C6B3-37C0-4DA3-A5DA-C6A0B188B5F1}.Debug|Any CPU.ActiveCfg = Debug|Any CPU
		{09A2C6B3-37C0-4DA3-A5DA-C6A0B188B5F1}.Debug|Any CPU.Build.0 = Debug|Any CPU
		{09A2C6B3-37C0-4DA3-A5DA-C6A0B188B5F1}.Release|Any CPU.ActiveCfg = Release|Any CPU
		{09A2C6B3-37C0-4DA3-A5DA-C6A0B188B5F1}.Release|Any CPU.Build.0 = Release|Any CPU
	EndGlobalSection
	GlobalSection(SolutionProperties) = preSolution
		HideSolutionNode = FALSE
	EndGlobalSection
	GlobalSection(ExtensibilityGlobals) = postSolution
		SolutionGuid = {7A1129B8-7FE1-4ABD-96E4-1E2159D4AD80}
	EndGlobalSection
EndGlobal
